// !$*UTF8*$!
{
	archiveVersion = 1;
	classes = {
	};
	objectVersion = 48;
	objects = {

/* Begin PBXBuildFile section */
		0723B827E760C6693908C60A /* Pods_CurrencyConverter.framework in Frameworks */ = {isa = PBXBuildFile; fileRef = 62CACC95DC90248501EC1FCC /* Pods_CurrencyConverter.framework */; };
		D8737DEA207CF9F40010139C /* AppDelegate.swift in Sources */ = {isa = PBXBuildFile; fileRef = D8737DE9207CF9F40010139C /* AppDelegate.swift */; };
		D8737DEF207CF9F40010139C /* Main.storyboard in Resources */ = {isa = PBXBuildFile; fileRef = D8737DED207CF9F40010139C /* Main.storyboard */; };
		D8737DF1207CF9F40010139C /* Assets.xcassets in Resources */ = {isa = PBXBuildFile; fileRef = D8737DF0207CF9F40010139C /* Assets.xcassets */; };
		D8737DF4207CF9F40010139C /* LaunchScreen.storyboard in Resources */ = {isa = PBXBuildFile; fileRef = D8737DF2207CF9F40010139C /* LaunchScreen.storyboard */; };
		D8737E04207D1E1C0010139C /* Currency.swift in Sources */ = {isa = PBXBuildFile; fileRef = D8737E03207D1E1C0010139C /* Currency.swift */; };
		D8737E07207D1F7F0010139C /* CurrencyConversionViewController.swift in Sources */ = {isa = PBXBuildFile; fileRef = D8737E06207D1F7F0010139C /* CurrencyConversionViewController.swift */; };
		D8B1AB2E207D2B9D00D6BB3E /* CurrencyPickerViewController.swift in Sources */ = {isa = PBXBuildFile; fileRef = D8B1AB2D207D2B9D00D6BB3E /* CurrencyPickerViewController.swift */; };
		D8B27FC5207E0456000009F3 /* APIRequest.swift in Sources */ = {isa = PBXBuildFile; fileRef = D8B27FC4207E0456000009F3 /* APIRequest.swift */; };
		D8B27FC8207E09AD000009F3 /* Serialization.swift in Sources */ = {isa = PBXBuildFile; fileRef = D8B27FC7207E09AD000009F3 /* Serialization.swift */; };
		D8B27FCC207E0C1D000009F3 /* ExchangeRateSerializer.swift in Sources */ = {isa = PBXBuildFile; fileRef = D8B27FCB207E0C1D000009F3 /* ExchangeRateSerializer.swift */; };
		D8B27FCE207E0C71000009F3 /* ExchangeRate.swift in Sources */ = {isa = PBXBuildFile; fileRef = D8B27FCD207E0C71000009F3 /* ExchangeRate.swift */; };
		D8B27FD1207E11DB000009F3 /* APIClient.swift in Sources */ = {isa = PBXBuildFile; fileRef = D8B27FD0207E11DB000009F3 /* APIClient.swift */; };
		D8F2DC18207E1B770081FCCC /* ExchangeRateAPI.swift in Sources */ = {isa = PBXBuildFile; fileRef = D8F2DC17207E1B770081FCCC /* ExchangeRateAPI.swift */; };
		D8F2DC1E207E30AC0081FCCC /* ExchangeRatePersistence.swift in Sources */ = {isa = PBXBuildFile; fileRef = D8F2DC1D207E30AC0081FCCC /* ExchangeRatePersistence.swift */; };
		D8F2DC20207E318A0081FCCC /* ExchangeRateArchivePersistence.swift in Sources */ = {isa = PBXBuildFile; fileRef = D8F2DC1F207E318A0081FCCC /* ExchangeRateArchivePersistence.swift */; };
/* End PBXBuildFile section */

/* Begin PBXFileReference section */
		62CACC95DC90248501EC1FCC /* Pods_CurrencyConverter.framework */ = {isa = PBXFileReference; explicitFileType = wrapper.framework; includeInIndex = 0; path = Pods_CurrencyConverter.framework; sourceTree = BUILT_PRODUCTS_DIR; };
		6B436A7E4AA4D82924810B34 /* Pods-CurrencyConverter.release.xcconfig */ = {isa = PBXFileReference; includeInIndex = 1; lastKnownFileType = text.xcconfig; name = "Pods-CurrencyConverter.release.xcconfig"; path = "Pods/Target Support Files/Pods-CurrencyConverter/Pods-CurrencyConverter.release.xcconfig"; sourceTree = "<group>"; };
		BDBBF69F5C8273C4FD2FC016 /* Pods-CurrencyConverter.debug.xcconfig */ = {isa = PBXFileReference; includeInIndex = 1; lastKnownFileType = text.xcconfig; name = "Pods-CurrencyConverter.debug.xcconfig"; path = "Pods/Target Support Files/Pods-CurrencyConverter/Pods-CurrencyConverter.debug.xcconfig"; sourceTree = "<group>"; };
		D8737DE6207CF9F40010139C /* CurrencyConverter.app */ = {isa = PBXFileReference; explicitFileType = wrapper.application; includeInIndex = 0; path = CurrencyConverter.app; sourceTree = BUILT_PRODUCTS_DIR; };
		D8737DE9207CF9F40010139C /* AppDelegate.swift */ = {isa = PBXFileReference; lastKnownFileType = sourcecode.swift; path = AppDelegate.swift; sourceTree = "<group>"; };
		D8737DEE207CF9F40010139C /* Base */ = {isa = PBXFileReference; lastKnownFileType = file.storyboard; name = Base; path = Base.lproj/Main.storyboard; sourceTree = "<group>"; };
		D8737DF0207CF9F40010139C /* Assets.xcassets */ = {isa = PBXFileReference; lastKnownFileType = folder.assetcatalog; path = Assets.xcassets; sourceTree = "<group>"; };
		D8737DF3207CF9F40010139C /* Base */ = {isa = PBXFileReference; lastKnownFileType = file.storyboard; name = Base; path = Base.lproj/LaunchScreen.storyboard; sourceTree = "<group>"; };
		D8737DF5207CF9F40010139C /* Info.plist */ = {isa = PBXFileReference; lastKnownFileType = text.plist.xml; path = Info.plist; sourceTree = "<group>"; };
		D8737E03207D1E1C0010139C /* Currency.swift */ = {isa = PBXFileReference; lastKnownFileType = sourcecode.swift; path = Currency.swift; sourceTree = "<group>"; };
		D8737E06207D1F7F0010139C /* CurrencyConversionViewController.swift */ = {isa = PBXFileReference; lastKnownFileType = sourcecode.swift; path = CurrencyConversionViewController.swift; sourceTree = "<group>"; };
		D8B1AB2D207D2B9D00D6BB3E /* CurrencyPickerViewController.swift */ = {isa = PBXFileReference; lastKnownFileType = sourcecode.swift; path = CurrencyPickerViewController.swift; sourceTree = "<group>"; };
		D8B27FC4207E0456000009F3 /* APIRequest.swift */ = {isa = PBXFileReference; lastKnownFileType = sourcecode.swift; path = APIRequest.swift; sourceTree = "<group>"; };
		D8B27FC7207E09AD000009F3 /* Serialization.swift */ = {isa = PBXFileReference; lastKnownFileType = sourcecode.swift; path = Serialization.swift; sourceTree = "<group>"; };
		D8B27FCB207E0C1D000009F3 /* ExchangeRateSerializer.swift */ = {isa = PBXFileReference; lastKnownFileType = sourcecode.swift; path = ExchangeRateSerializer.swift; sourceTree = "<group>"; };
		D8B27FCD207E0C71000009F3 /* ExchangeRate.swift */ = {isa = PBXFileReference; lastKnownFileType = sourcecode.swift; path = ExchangeRate.swift; sourceTree = "<group>"; };
		D8B27FD0207E11DB000009F3 /* APIClient.swift */ = {isa = PBXFileReference; lastKnownFileType = sourcecode.swift; path = APIClient.swift; sourceTree = "<group>"; };
		D8F2DC17207E1B770081FCCC /* ExchangeRateAPI.swift */ = {isa = PBXFileReference; lastKnownFileType = sourcecode.swift; path = ExchangeRateAPI.swift; sourceTree = "<group>"; };
		D8F2DC1D207E30AC0081FCCC /* ExchangeRatePersistence.swift */ = {isa = PBXFileReference; lastKnownFileType = sourcecode.swift; path = ExchangeRatePersistence.swift; sourceTree = "<group>"; };
		D8F2DC1F207E318A0081FCCC /* ExchangeRateArchivePersistence.swift */ = {isa = PBXFileReference; lastKnownFileType = sourcecode.swift; path = ExchangeRateArchivePersistence.swift; sourceTree = "<group>"; };
/* End PBXFileReference section */

/* Begin PBXFrameworksBuildPhase section */
		D8737DE3207CF9F40010139C /* Frameworks */ = {
			isa = PBXFrameworksBuildPhase;
			buildActionMask = 2147483647;
			files = (
				0723B827E760C6693908C60A /* Pods_CurrencyConverter.framework in Frameworks */,
			);
			runOnlyForDeploymentPostprocessing = 0;
		};
/* End PBXFrameworksBuildPhase section */

/* Begin PBXGroup section */
		5E61E6BE1325F6820B8015D2 /* Pods */ = {
			isa = PBXGroup;
			children = (
				BDBBF69F5C8273C4FD2FC016 /* Pods-CurrencyConverter.debug.xcconfig */,
				6B436A7E4AA4D82924810B34 /* Pods-CurrencyConverter.release.xcconfig */,
			);
			name = Pods;
			sourceTree = "<group>";
		};
		799FC789F34964A7EE796985 /* Frameworks */ = {
			isa = PBXGroup;
			children = (
				62CACC95DC90248501EC1FCC /* Pods_CurrencyConverter.framework */,
			);
			name = Frameworks;
			sourceTree = "<group>";
		};
		D8737DDD207CF9F40010139C = {
			isa = PBXGroup;
			children = (
				D8737DE8207CF9F40010139C /* CurrencyConverter */,
				D8737DE7207CF9F40010139C /* Products */,
				5E61E6BE1325F6820B8015D2 /* Pods */,
				799FC789F34964A7EE796985 /* Frameworks */,
			);
			sourceTree = "<group>";
		};
		D8737DE7207CF9F40010139C /* Products */ = {
			isa = PBXGroup;
			children = (
				D8737DE6207CF9F40010139C /* CurrencyConverter.app */,
			);
			name = Products;
			sourceTree = "<group>";
		};
		D8737DE8207CF9F40010139C /* CurrencyConverter */ = {
			isa = PBXGroup;
			children = (
				D8737DFB207CFB2E0010139C /* Sources */,
				D8737DFC207CFB380010139C /* Resources */,
			);
			path = CurrencyConverter;
			sourceTree = "<group>";
		};
		D8737DFB207CFB2E0010139C /* Sources */ = {
			isa = PBXGroup;
			children = (
				D8737DFF207CFCB00010139C /* Application */,
				D8737E00207CFCC40010139C /* Presentation */,
				D8737E02207D1E050010139C /* Entities */,
				D8B27FC1207DF783000009F3 /* Infrastructure */,
			);
			path = Sources;
			sourceTree = "<group>";
		};
		D8737DFC207CFB380010139C /* Resources */ = {
			isa = PBXGroup;
			children = (
				D8737DFD207CFB4F0010139C /* Assets */,
				D8737DFE207CFB580010139C /* Plists */,
			);
			path = Resources;
			sourceTree = "<group>";
		};
		D8737DFD207CFB4F0010139C /* Assets */ = {
			isa = PBXGroup;
			children = (
				D8737DF0207CF9F40010139C /* Assets.xcassets */,
			);
			path = Assets;
			sourceTree = "<group>";
		};
		D8737DFE207CFB580010139C /* Plists */ = {
			isa = PBXGroup;
			children = (
				D8737DF5207CF9F40010139C /* Info.plist */,
			);
			path = Plists;
			sourceTree = "<group>";
		};
		D8737DFF207CFCB00010139C /* Application */ = {
			isa = PBXGroup;
			children = (
				D8737DE9207CF9F40010139C /* AppDelegate.swift */,
			);
			path = Application;
			sourceTree = "<group>";
		};
		D8737E00207CFCC40010139C /* Presentation */ = {
			isa = PBXGroup;
			children = (
				D8737E01207D1DCD0010139C /* Storyboards */,
				D8737E05207D1E5F0010139C /* Controllers */,
			);
			path = Presentation;
			sourceTree = "<group>";
		};
		D8737E01207D1DCD0010139C /* Storyboards */ = {
			isa = PBXGroup;
			children = (
				D8737DED207CF9F40010139C /* Main.storyboard */,
				D8737DF2207CF9F40010139C /* LaunchScreen.storyboard */,
			);
			path = Storyboards;
			sourceTree = "<group>";
		};
		D8737E02207D1E050010139C /* Entities */ = {
			isa = PBXGroup;
			children = (
				D8737E03207D1E1C0010139C /* Currency.swift */,
				D8B27FCD207E0C71000009F3 /* ExchangeRate.swift */,
			);
			path = Entities;
			sourceTree = "<group>";
		};
		D8737E05207D1E5F0010139C /* Controllers */ = {
			isa = PBXGroup;
			children = (
				D8737E06207D1F7F0010139C /* CurrencyConversionViewController.swift */,
				D8B1AB2D207D2B9D00D6BB3E /* CurrencyPickerViewController.swift */,
			);
			path = Controllers;
			sourceTree = "<group>";
		};
		D8B27FC1207DF783000009F3 /* Infrastructure */ = {
			isa = PBXGroup;
			children = (
				D8B27FC2207DF7D6000009F3 /* Networking */,
				D8F2DC19207E304D0081FCCC /* Persistence */,
			);
			path = Infrastructure;
			sourceTree = "<group>";
		};
		D8B27FC2207DF7D6000009F3 /* Networking */ = {
			isa = PBXGroup;
			children = (
				D8F2DC16207E1AD80081FCCC /* API */,
				D8B27FC6207E0997000009F3 /* Serialization */,
				D8B27FC3207E0381000009F3 /* Request */,
				D8B27FCF207E11BA000009F3 /* Client */,
			);
			path = Networking;
			sourceTree = "<group>";
		};
		D8B27FC3207E0381000009F3 /* Request */ = {
			isa = PBXGroup;
			children = (
				D8B27FC4207E0456000009F3 /* APIRequest.swift */,
			);
			path = Request;
			sourceTree = "<group>";
		};
		D8B27FC6207E0997000009F3 /* Serialization */ = {
			isa = PBXGroup;
			children = (
				D8B27FC9207E0B35000009F3 /* Abstract */,
				D8B27FCA207E0B58000009F3 /* Concrete */,
			);
			path = Serialization;
			sourceTree = "<group>";
		};
		D8B27FC9207E0B35000009F3 /* Abstract */ = {
			isa = PBXGroup;
			children = (
				D8B27FC7207E09AD000009F3 /* Serialization.swift */,
			);
			path = Abstract;
			sourceTree = "<group>";
		};
		D8B27FCA207E0B58000009F3 /* Concrete */ = {
			isa = PBXGroup;
			children = (
				D8B27FCB207E0C1D000009F3 /* ExchangeRateSerializer.swift */,
			);
			path = Concrete;
			sourceTree = "<group>";
		};
		D8B27FCF207E11BA000009F3 /* Client */ = {
			isa = PBXGroup;
			children = (
				D8B27FD0207E11DB000009F3 /* APIClient.swift */,
			);
			path = Client;
			sourceTree = "<group>";
		};
		D8F2DC16207E1AD80081FCCC /* API */ = {
			isa = PBXGroup;
			children = (
				D8F2DC17207E1B770081FCCC /* ExchangeRateAPI.swift */,
			);
			path = API;
			sourceTree = "<group>";
		};
		D8F2DC19207E304D0081FCCC /* Persistence */ = {
			isa = PBXGroup;
			children = (
				D8F2DC1A207E30670081FCCC /* ExchangeRate */,
			);
			path = Persistence;
			sourceTree = "<group>";
		};
		D8F2DC1A207E30670081FCCC /* ExchangeRate */ = {
			isa = PBXGroup;
			children = (
				D8F2DC1B207E30700081FCCC /* Abstract */,
				D8F2DC1C207E30910081FCCC /* Concrete */,
			);
			path = ExchangeRate;
			sourceTree = "<group>";
		};
		D8F2DC1B207E30700081FCCC /* Abstract */ = {
			isa = PBXGroup;
			children = (
				D8F2DC1D207E30AC0081FCCC /* ExchangeRatePersistence.swift */,
			);
			path = Abstract;
			sourceTree = "<group>";
		};
		D8F2DC1C207E30910081FCCC /* Concrete */ = {
			isa = PBXGroup;
			children = (
				D8F2DC1F207E318A0081FCCC /* ExchangeRateArchivePersistence.swift */,
			);
			path = Concrete;
			sourceTree = "<group>";
		};
/* End PBXGroup section */

/* Begin PBXNativeTarget section */
		D8737DE5207CF9F40010139C /* CurrencyConverter */ = {
			isa = PBXNativeTarget;
			buildConfigurationList = D8737DF8207CF9F40010139C /* Build configuration list for PBXNativeTarget "CurrencyConverter" */;
			buildPhases = (
				C533CC797730C0E948F60EAD /* [CP] Check Pods Manifest.lock */,
				D8737DE2207CF9F40010139C /* Sources */,
				D8737DE3207CF9F40010139C /* Frameworks */,
				D8737DE4207CF9F40010139C /* Resources */,
				9829B98C4F05F3197099C67E /* [CP] Embed Pods Frameworks */,
				D762C7DD8E5914992ADC5607 /* [CP] Copy Pods Resources */,
			);
			buildRules = (
			);
			dependencies = (
			);
			name = CurrencyConverter;
			productName = CurrencyConverter;
			productReference = D8737DE6207CF9F40010139C /* CurrencyConverter.app */;
			productType = "com.apple.product-type.application";
		};
/* End PBXNativeTarget section */

/* Begin PBXProject section */
		D8737DDE207CF9F40010139C /* Project object */ = {
			isa = PBXProject;
			attributes = {
				LastSwiftUpdateCheck = 0920;
				LastUpgradeCheck = 0920;
				ORGANIZATIONNAME = tuhtamanov;
				TargetAttributes = {
					D8737DE5207CF9F40010139C = {
						CreatedOnToolsVersion = 9.2;
						ProvisioningStyle = Manual;
					};
				};
			};
			buildConfigurationList = D8737DE1207CF9F40010139C /* Build configuration list for PBXProject "CurrencyConverter" */;
			compatibilityVersion = "Xcode 8.0";
			developmentRegion = en;
			hasScannedForEncodings = 0;
			knownRegions = (
				en,
				Base,
			);
			mainGroup = D8737DDD207CF9F40010139C;
			productRefGroup = D8737DE7207CF9F40010139C /* Products */;
			projectDirPath = "";
			projectRoot = "";
			targets = (
				D8737DE5207CF9F40010139C /* CurrencyConverter */,
			);
		};
/* End PBXProject section */

/* Begin PBXResourcesBuildPhase section */
		D8737DE4207CF9F40010139C /* Resources */ = {
			isa = PBXResourcesBuildPhase;
			buildActionMask = 2147483647;
			files = (
				D8737DF4207CF9F40010139C /* LaunchScreen.storyboard in Resources */,
				D8737DF1207CF9F40010139C /* Assets.xcassets in Resources */,
				D8737DEF207CF9F40010139C /* Main.storyboard in Resources */,
			);
			runOnlyForDeploymentPostprocessing = 0;
		};
/* End PBXResourcesBuildPhase section */

/* Begin PBXShellScriptBuildPhase section */
		9829B98C4F05F3197099C67E /* [CP] Embed Pods Frameworks */ = {
			isa = PBXShellScriptBuildPhase;
			buildActionMask = 2147483647;
			files = (
			);
			inputPaths = (
			);
			name = "[CP] Embed Pods Frameworks";
			outputPaths = (
			);
			runOnlyForDeploymentPostprocessing = 0;
			shellPath = /bin/sh;
			shellScript = "\"${SRCROOT}/Pods/Target Support Files/Pods-CurrencyConverter/Pods-CurrencyConverter-frameworks.sh\"\n";
			showEnvVarsInLog = 0;
		};
		C533CC797730C0E948F60EAD /* [CP] Check Pods Manifest.lock */ = {
			isa = PBXShellScriptBuildPhase;
			buildActionMask = 2147483647;
			files = (
			);
			inputPaths = (
			);
			name = "[CP] Check Pods Manifest.lock";
			outputPaths = (
			);
			runOnlyForDeploymentPostprocessing = 0;
			shellPath = /bin/sh;
			shellScript = "diff \"${PODS_PODFILE_DIR_PATH}/Podfile.lock\" \"${PODS_ROOT}/Manifest.lock\" > /dev/null\nif [ $? != 0 ] ; then\n    # print error to STDERR\n    echo \"error: The sandbox is not in sync with the Podfile.lock. Run 'pod install' or update your CocoaPods installation.\" >&2\n    exit 1\nfi\n";
			showEnvVarsInLog = 0;
		};
		D762C7DD8E5914992ADC5607 /* [CP] Copy Pods Resources */ = {
			isa = PBXShellScriptBuildPhase;
			buildActionMask = 2147483647;
			files = (
			);
			inputPaths = (
			);
			name = "[CP] Copy Pods Resources";
			outputPaths = (
			);
			runOnlyForDeploymentPostprocessing = 0;
			shellPath = /bin/sh;
			shellScript = "\"${SRCROOT}/Pods/Target Support Files/Pods-CurrencyConverter/Pods-CurrencyConverter-resources.sh\"\n";
			showEnvVarsInLog = 0;
		};
/* End PBXShellScriptBuildPhase section */

/* Begin PBXSourcesBuildPhase section */
		D8737DE2207CF9F40010139C /* Sources */ = {
			isa = PBXSourcesBuildPhase;
			buildActionMask = 2147483647;
			files = (
				D8F2DC1E207E30AC0081FCCC /* ExchangeRatePersistence.swift in Sources */,
				D8737E04207D1E1C0010139C /* Currency.swift in Sources */,
				D8B1AB2E207D2B9D00D6BB3E /* CurrencyPickerViewController.swift in Sources */,
				D8B27FD1207E11DB000009F3 /* APIClient.swift in Sources */,
				D8B27FCC207E0C1D000009F3 /* ExchangeRateSerializer.swift in Sources */,
				D8F2DC20207E318A0081FCCC /* ExchangeRateArchivePersistence.swift in Sources */,
				D8737E07207D1F7F0010139C /* CurrencyConversionViewController.swift in Sources */,
				D8F2DC18207E1B770081FCCC /* ExchangeRateAPI.swift in Sources */,
				D8B27FCE207E0C71000009F3 /* ExchangeRate.swift in Sources */,
				D8B27FC5207E0456000009F3 /* APIRequest.swift in Sources */,
				D8B27FC8207E09AD000009F3 /* Serialization.swift in Sources */,
				D8737DEA207CF9F40010139C /* AppDelegate.swift in Sources */,
			);
			runOnlyForDeploymentPostprocessing = 0;
		};
/* End PBXSourcesBuildPhase section */

/* Begin PBXVariantGroup section */
		D8737DED207CF9F40010139C /* Main.storyboard */ = {
			isa = PBXVariantGroup;
			children = (
				D8737DEE207CF9F40010139C /* Base */,
			);
			name = Main.storyboard;
			sourceTree = "<group>";
		};
		D8737DF2207CF9F40010139C /* LaunchScreen.storyboard */ = {
			isa = PBXVariantGroup;
			children = (
				D8737DF3207CF9F40010139C /* Base */,
			);
			name = LaunchScreen.storyboard;
			sourceTree = "<group>";
		};
/* End PBXVariantGroup section */

/* Begin XCBuildConfiguration section */
		D8737DF6207CF9F40010139C /* Debug */ = {
			isa = XCBuildConfiguration;
			buildSettings = {
				ALWAYS_SEARCH_USER_PATHS = NO;
				CLANG_ANALYZER_NONNULL = YES;
				CLANG_ANALYZER_NUMBER_OBJECT_CONVERSION = YES_AGGRESSIVE;
				CLANG_CXX_LANGUAGE_STANDARD = "gnu++14";
				CLANG_CXX_LIBRARY = "libc++";
				CLANG_ENABLE_MODULES = YES;
				CLANG_ENABLE_OBJC_ARC = YES;
				CLANG_WARN_BLOCK_CAPTURE_AUTORELEASING = YES;
				CLANG_WARN_BOOL_CONVERSION = YES;
				CLANG_WARN_COMMA = YES;
				CLANG_WARN_CONSTANT_CONVERSION = YES;
				CLANG_WARN_DIRECT_OBJC_ISA_USAGE = YES_ERROR;
				CLANG_WARN_DOCUMENTATION_COMMENTS = YES;
				CLANG_WARN_EMPTY_BODY = YES;
				CLANG_WARN_ENUM_CONVERSION = YES;
				CLANG_WARN_INFINITE_RECURSION = YES;
				CLANG_WARN_INT_CONVERSION = YES;
				CLANG_WARN_NON_LITERAL_NULL_CONVERSION = YES;
				CLANG_WARN_OBJC_LITERAL_CONVERSION = YES;
				CLANG_WARN_OBJC_ROOT_CLASS = YES_ERROR;
				CLANG_WARN_RANGE_LOOP_ANALYSIS = YES;
				CLANG_WARN_STRICT_PROTOTYPES = YES;
				CLANG_WARN_SUSPICIOUS_MOVE = YES;
				CLANG_WARN_UNGUARDED_AVAILABILITY = YES_AGGRESSIVE;
				CLANG_WARN_UNREACHABLE_CODE = YES;
				CLANG_WARN__DUPLICATE_METHOD_MATCH = YES;
				CODE_SIGN_IDENTITY = "iPhone Developer";
				COPY_PHASE_STRIP = NO;
				DEBUG_INFORMATION_FORMAT = dwarf;
				ENABLE_STRICT_OBJC_MSGSEND = YES;
				ENABLE_TESTABILITY = YES;
				GCC_C_LANGUAGE_STANDARD = gnu11;
				GCC_DYNAMIC_NO_PIC = NO;
				GCC_NO_COMMON_BLOCKS = YES;
				GCC_OPTIMIZATION_LEVEL = 0;
				GCC_PREPROCESSOR_DEFINITIONS = (
					"DEBUG=1",
					"$(inherited)",
				);
				GCC_WARN_64_TO_32_BIT_CONVERSION = YES;
				GCC_WARN_ABOUT_RETURN_TYPE = YES_ERROR;
				GCC_WARN_UNDECLARED_SELECTOR = YES;
				GCC_WARN_UNINITIALIZED_AUTOS = YES_AGGRESSIVE;
				GCC_WARN_UNUSED_FUNCTION = YES;
				GCC_WARN_UNUSED_VARIABLE = YES;
				IPHONEOS_DEPLOYMENT_TARGET = 11.2;
				MTL_ENABLE_DEBUG_INFO = YES;
				ONLY_ACTIVE_ARCH = YES;
				SDKROOT = iphoneos;
				SWIFT_ACTIVE_COMPILATION_CONDITIONS = DEBUG;
				SWIFT_OPTIMIZATION_LEVEL = "-Onone";
			};
			name = Debug;
		};
		D8737DF7207CF9F40010139C /* Release */ = {
			isa = XCBuildConfiguration;
			buildSettings = {
				ALWAYS_SEARCH_USER_PATHS = NO;
				CLANG_ANALYZER_NONNULL = YES;
				CLANG_ANALYZER_NUMBER_OBJECT_CONVERSION = YES_AGGRESSIVE;
				CLANG_CXX_LANGUAGE_STANDARD = "gnu++14";
				CLANG_CXX_LIBRARY = "libc++";
				CLANG_ENABLE_MODULES = YES;
				CLANG_ENABLE_OBJC_ARC = YES;
				CLANG_WARN_BLOCK_CAPTURE_AUTORELEASING = YES;
				CLANG_WARN_BOOL_CONVERSION = YES;
				CLANG_WARN_COMMA = YES;
				CLANG_WARN_CONSTANT_CONVERSION = YES;
				CLANG_WARN_DIRECT_OBJC_ISA_USAGE = YES_ERROR;
				CLANG_WARN_DOCUMENTATION_COMMENTS = YES;
				CLANG_WARN_EMPTY_BODY = YES;
				CLANG_WARN_ENUM_CONVERSION = YES;
				CLANG_WARN_INFINITE_RECURSION = YES;
				CLANG_WARN_INT_CONVERSION = YES;
				CLANG_WARN_NON_LITERAL_NULL_CONVERSION = YES;
				CLANG_WARN_OBJC_LITERAL_CONVERSION = YES;
				CLANG_WARN_OBJC_ROOT_CLASS = YES_ERROR;
				CLANG_WARN_RANGE_LOOP_ANALYSIS = YES;
				CLANG_WARN_STRICT_PROTOTYPES = YES;
				CLANG_WARN_SUSPICIOUS_MOVE = YES;
				CLANG_WARN_UNGUARDED_AVAILABILITY = YES_AGGRESSIVE;
				CLANG_WARN_UNREACHABLE_CODE = YES;
				CLANG_WARN__DUPLICATE_METHOD_MATCH = YES;
				CODE_SIGN_IDENTITY = "iPhone Developer";
				COPY_PHASE_STRIP = NO;
				DEBUG_INFORMATION_FORMAT = "dwarf-with-dsym";
				ENABLE_NS_ASSERTIONS = NO;
				ENABLE_STRICT_OBJC_MSGSEND = YES;
				GCC_C_LANGUAGE_STANDARD = gnu11;
				GCC_NO_COMMON_BLOCKS = YES;
				GCC_WARN_64_TO_32_BIT_CONVERSION = YES;
				GCC_WARN_ABOUT_RETURN_TYPE = YES_ERROR;
				GCC_WARN_UNDECLARED_SELECTOR = YES;
				GCC_WARN_UNINITIALIZED_AUTOS = YES_AGGRESSIVE;
				GCC_WARN_UNUSED_FUNCTION = YES;
				GCC_WARN_UNUSED_VARIABLE = YES;
				IPHONEOS_DEPLOYMENT_TARGET = 11.2;
				MTL_ENABLE_DEBUG_INFO = NO;
				SDKROOT = iphoneos;
				SWIFT_OPTIMIZATION_LEVEL = "-Owholemodule";
				VALIDATE_PRODUCT = YES;
			};
			name = Release;
		};
		D8737DF9207CF9F40010139C /* Debug */ = {
			isa = XCBuildConfiguration;
			baseConfigurationReference = BDBBF69F5C8273C4FD2FC016 /* Pods-CurrencyConverter.debug.xcconfig */;
			buildSettings = {
				ASSETCATALOG_COMPILER_APPICON_NAME = AppIcon;
				CODE_SIGN_STYLE = Manual;
				DEVELOPMENT_TEAM = "";
				INFOPLIST_FILE = "$(SRCROOT)/CurrencyConverter/Resources/Plists/Info.plist";
				IPHONEOS_DEPLOYMENT_TARGET = 9.0;
				LD_RUNPATH_SEARCH_PATHS = "$(inherited) @executable_path/Frameworks";
				PRODUCT_BUNDLE_IDENTIFIER = com.tuhtamanov.CurrencyConverter;
				PRODUCT_NAME = "$(TARGET_NAME)";
				PROVISIONING_PROFILE_SPECIFIER = "";
				SWIFT_VERSION = 4.0;
				TARGETED_DEVICE_FAMILY = "1,2";
			};
			name = Debug;
		};
		D8737DFA207CF9F40010139C /* Release */ = {
			isa = XCBuildConfiguration;
			baseConfigurationReference = 6B436A7E4AA4D82924810B34 /* Pods-CurrencyConverter.release.xcconfig */;
			buildSettings = {
				ASSETCATALOG_COMPILER_APPICON_NAME = AppIcon;
				CODE_SIGN_STYLE = Manual;
				DEVELOPMENT_TEAM = "";
				INFOPLIST_FILE = "$(SRCROOT)/CurrencyConverter/Resources/Plists/Info.plist";
				IPHONEOS_DEPLOYMENT_TARGET = 9.0;
				LD_RUNPATH_SEARCH_PATHS = "$(inherited) @executable_path/Frameworks";
				PRODUCT_BUNDLE_IDENTIFIER = com.tuhtamanov.CurrencyConverter;
				PRODUCT_NAME = "$(TARGET_NAME)";
				PROVISIONING_PROFILE_SPECIFIER = "";
				SWIFT_VERSION = 4.0;
				TARGETED_DEVICE_FAMILY = "1,2";
			};
			name = Release;
		};
/* End XCBuildConfiguration section */

/* Begin XCConfigurationList section */
		D8737DE1207CF9F40010139C /* Build configuration list for PBXProject "CurrencyConverter" */ = {
			isa = XCConfigurationList;
			buildConfigurations = (
				D8737DF6207CF9F40010139C /* Debug */,
				D8737DF7207CF9F40010139C /* Release */,
			);
			defaultConfigurationIsVisible = 0;
			defaultConfigurationName = Release;
		};
		D8737DF8207CF9F40010139C /* Build configuration list for PBXNativeTarget "CurrencyConverter" */ = {
			isa = XCConfigurationList;
			buildConfigurations = (
				D8737DF9207CF9F40010139C /* Debug */,
				D8737DFA207CF9F40010139C /* Release */,
			);
			defaultConfigurationIsVisible = 0;
			defaultConfigurationName = Release;
		};
/* End XCConfigurationList section */
	};
	rootObject = D8737DDE207CF9F40010139C /* Project object */;
}
